
Microsoft Visual Studio Solution File, Format Version 12.00
# Visual Studio 14
VisualStudioVersion = 14.0.23107.0
MinimumVisualStudioVersion = 10.0.40219.1
Project("{FAE04EC0-301F-11D3-BF4B-00C04F79EFBC}") = "NavPaneDemo.UI", "NavPaneDemo.UI\NavPaneDemo.UI.csproj", "{DD51B612-25A7-4C6D-948C-F4FF116E348D}"
EndProject
Global
	GlobalSection(SolutionConfigurationPlatforms) = preSolution
		Debug|ARM = Debug|ARM
		Debug|x64 = Debug|x64
		Debug|x86 = Debug|x86
		Release|ARM = Release|ARM
		Release|x64 = Release|x64
		Release|x86 = Release|x86
	EndGlobalSection
	GlobalSection(ProjectConfigurationPlatforms) = postSolution
		{DD51B612-25A7-4C6D-948C-F4FF116E348D}.Debug|ARM.ActiveCfg = Debug|ARM
		{DD51B612-25A7-4C6D-948C-F4FF116E348D}.Debug|ARM.Build.0 = Debug|ARM
		{DD51B612-25A7-4C6D-948C-F4FF116E348D}.Debug|ARM.Deploy.0 = Debug|ARM
		{DD51B612-25A7-4C6D-948C-F4FF116E348D}.Debug|x64.ActiveCfg = Debug|x64
		{DD51B612-25A7-4C6D-948C-F4FF116E348D}.Debug|x64.Build.0 = Debug|x64
		{DD51B612-25A7-4C6D-948C-F4FF116E348D}.Debug|x64.Deploy.0 = Debug|x64
		{DD51B612-25A7-4C6D-948C-F4FF116E348D}.Debug|x86.ActiveCfg = Debug|x86
		{DD51B612-25A7-4C6D-948C-F4FF116E348D}.Debug|x86.Build.0 = Debug|x86
		{DD51B612-25A7-4C6D-948C-F4FF116E348D}.Debug|x86.Deploy.0 = Debug|x86
		{DD51B612-25A7-4C6D-948C-F4FF116E348D}.Release|ARM.ActiveCfg = Release|ARM
		{DD51B612-25A7-4C6D-948C-F4FF116E348D}.Release|ARM.Build.0 = Release|ARM
		{DD51B612-25A7-4C6D-948C-F4FF116E348D}.Release|ARM.Deploy.0 = Release|ARM
		{DD51B612-25A7-4C6D-948C-F4FF116E348D}.Release|x64.ActiveCfg = Release|x64
		{DD51B612-25A7-4C6D-948C-F4FF116E348D}.Release|x64.Build.0 = Release|x64
		{DD51B612-25A7-4C6D-948C-F4FF116E348D}.Release|x64.Deploy.0 = Release|x64
		{DD51B612-25A7-4C6D-948C-F4FF116E348D}.Release|x86.ActiveCfg = Release|x86
		{DD51B612-25A7-4C6D-948C-F4FF116E348D}.Release|x86.Build.0 = Release|x86
		{DD51B612-25A7-4C6D-948C-F4FF116E348D}.Release|x86.Deploy.0 = Release|x86
	EndGlobalSection
	GlobalSection(SolutionProperties) = preSolution
		HideSolutionNode = FALSE
	EndGlobalSection
EndGlobal
